// !$*UTF8*$!
{
	archiveVersion = 1;
	classes = {
	};
	objectVersion = 46;
	objects = {

/* Begin PBXBuildFile section */
		615D9BCA19DABFAC008DBEAE /* AppDelegate.swift in Sources */ = {isa = PBXBuildFile; fileRef = 615D9BC919DABFAC008DBEAE /* AppDelegate.swift */; };
		615D9BCC19DABFAC008DBEAE /* ViewController.swift in Sources */ = {isa = PBXBuildFile; fileRef = 615D9BCB19DABFAC008DBEAE /* ViewController.swift */; };
		615D9BCF19DABFAC008DBEAE /* Main.storyboard in Resources */ = {isa = PBXBuildFile; fileRef = 615D9BCD19DABFAC008DBEAE /* Main.storyboard */; };
		615D9BD119DABFAD008DBEAE /* Images.xcassets in Resources */ = {isa = PBXBuildFile; fileRef = 615D9BD019DABFAD008DBEAE /* Images.xcassets */; };
		615D9BD419DABFAD008DBEAE /* LaunchScreen.xib in Resources */ = {isa = PBXBuildFile; fileRef = 615D9BD219DABFAD008DBEAE /* LaunchScreen.xib */; };
		615D9BE019DABFAD008DBEAE /* PostcardTests.swift in Sources */ = {isa = PBXBuildFile; fileRef = 615D9BDF19DABFAD008DBEAE /* PostcardTests.swift */; };
/* End PBXBuildFile section */

/* Begin PBXContainerItemProxy section */
		615D9BDA19DABFAD008DBEAE /* PBXContainerItemProxy */ = {
			isa = PBXContainerItemProxy;
			containerPortal = 615D9BBC19DABFAC008DBEAE /* Project object */;
			proxyType = 1;
			remoteGlobalIDString = 615D9BC319DABFAC008DBEAE;
			remoteInfo = Postcard;
		};
/* End PBXContainerItemProxy section */

/* Begin PBXFileReference section */
		615D9BC419DABFAC008DBEAE /* Postcard.app */ = {isa = PBXFileReference; explicitFileType = wrapper.application; includeInIndex = 0; path = Postcard.app; sourceTree = BUILT_PRODUCTS_DIR; };
		615D9BC819DABFAC008DBEAE /* Info.plist */ = {isa = PBXFileReference; lastKnownFileType = text.plist.xml; path = Info.plist; sourceTree = "<group>"; };
		615D9BC919DABFAC008DBEAE /* AppDelegate.swift */ = {isa = PBXFileReference; lastKnownFileType = sourcecode.swift; path = AppDelegate.swift; sourceTree = "<group>"; };
		615D9BCB19DABFAC008DBEAE /* ViewController.swift */ = {isa = PBXFileReference; lastKnownFileType = sourcecode.swift; path = ViewController.swift; sourceTree = "<group>"; };
		615D9BCE19DABFAC008DBEAE /* Base */ = {isa = PBXFileReference; lastKnownFileType = file.storyboard; name = Base; path = Base.lproj/Main.storyboard; sourceTree = "<group>"; };
		615D9BD019DABFAD008DBEAE /* Images.xcassets */ = {isa = PBXFileReference; lastKnownFileType = folder.assetcatalog; path = Images.xcassets; sourceTree = "<group>"; };
		615D9BD319DABFAD008DBEAE /* Base */ = {isa = PBXFileReference; lastKnownFileType = file.xib; name = Base; path = Base.lproj/LaunchScreen.xib; sourceTree = "<group>"; };
		615D9BD919DABFAD008DBEAE /* PostcardTests.xctest */ = {isa = PBXFileReference; explicitFileType = wrapper.cfbundle; includeInIndex = 0; path = PostcardTests.xctest; sourceTree = BUILT_PRODUCTS_DIR; };
		615D9BDE19DABFAD008DBEAE /* Info.plist */ = {isa = PBXFileReference; lastKnownFileType = text.plist.xml; path = Info.plist; sourceTree = "<group>"; };
		615D9BDF19DABFAD008DBEAE /* PostcardTests.swift */ = {isa = PBXFileReference; lastKnownFileType = sourcecode.swift; path = PostcardTests.swift; sourceTree = "<group>"; };
/* End PBXFileReference section */

/* Begin PBXFrameworksBuildPhase section */
		615D9BC119DABFAC008DBEAE /* Frameworks */ = {
			isa = PBXFrameworksBuildPhase;
			buildActionMask = 2147483647;
			files = (
			);
			runOnlyForDeploymentPostprocessing = 0;
		};
		615D9BD619DABFAD008DBEAE /* Frameworks */ = {
			isa = PBXFrameworksBuildPhase;
			buildActionMask = 2147483647;
			files = (
			);
			runOnlyForDeploymentPostprocessing = 0;
		};
/* End PBXFrameworksBuildPhase section */

/* Begin PBXGroup section */
		615D9BBB19DABFAC008DBEAE = {
			isa = PBXGroup;
			children = (
				615D9BC619DABFAC008DBEAE /* Postcard */,
				615D9BDC19DABFAD008DBEAE /* PostcardTests */,
				615D9BC519DABFAC008DBEAE /* Products */,
			);
			sourceTree = "<group>";
		};
		615D9BC519DABFAC008DBEAE /* Products */ = {
			isa = PBXGroup;
			children = (
				615D9BC419DABFAC008DBEAE /* Postcard.app */,
				615D9BD919DABFAD008DBEAE /* PostcardTests.xctest */,
			);
			name = Products;
			sourceTree = "<group>";
		};
		615D9BC619DABFAC008DBEAE /* Postcard */ = {
			isa = PBXGroup;
			children = (
				615D9BC919DABFAC008DBEAE /* AppDelegate.swift */,
				615D9BCB19DABFAC008DBEAE /* ViewController.swift */,
				615D9BCD19DABFAC008DBEAE /* Main.storyboard */,
				615D9BD019DABFAD008DBEAE /* Images.xcassets */,
				615D9BD219DABFAD008DBEAE /* LaunchScreen.xib */,
				615D9BC719DABFAC008DBEAE /* Supporting Files */,
			);
			path = Postcard;
			sourceTree = "<group>";
		};
		615D9BC719DABFAC008DBEAE /* Supporting Files */ = {
			isa = PBXGroup;
			children = (
				615D9BC819DABFAC008DBEAE /* Info.plist */,
			);
			name = "Supporting Files";
			sourceTree = "<group>";
		};
		615D9BDC19DABFAD008DBEAE /* PostcardTests */ = {
			isa = PBXGroup;
			children = (
				615D9BDF19DABFAD008DBEAE /* PostcardTests.swift */,
				615D9BDD19DABFAD008DBEAE /* Supporting Files */,
			);
			path = PostcardTests;
			sourceTree = "<group>";
		};
		615D9BDD19DABFAD008DBEAE /* Supporting Files */ = {
			isa = PBXGroup;
			children = (
				615D9BDE19DABFAD008DBEAE /* Info.plist */,
			);
			name = "Supporting Files";
			sourceTree = "<group>";
		};
/* End PBXGroup section */

/* Begin PBXNativeTarget section */
		615D9BC319DABFAC008DBEAE /* Postcard */ = {
			isa = PBXNativeTarget;
			buildConfigurationList = 615D9BE319DABFAD008DBEAE /* Build configuration list for PBXNativeTarget "Postcard" */;
			buildPhases = (
				615D9BC019DABFAC008DBEAE /* Sources */,
				615D9BC119DABFAC008DBEAE /* Frameworks */,
				615D9BC219DABFAC008DBEAE /* Resources */,
			);
			buildRules = (
			);
			dependencies = (
			);
			name = Postcard;
			productName = Postcard;
			productReference = 615D9BC419DABFAC008DBEAE /* Postcard.app */;
			productType = "com.apple.product-type.application";
		};
		615D9BD819DABFAD008DBEAE /* PostcardTests */ = {
			isa = PBXNativeTarget;
			buildConfigurationList = 615D9BE619DABFAD008DBEAE /* Build configuration list for PBXNativeTarget "PostcardTests" */;
			buildPhases = (
				615D9BD519DABFAD008DBEAE /* Sources */,
				615D9BD619DABFAD008DBEAE /* Frameworks */,
				615D9BD719DABFAD008DBEAE /* Resources */,
			);
			buildRules = (
			);
			dependencies = (
				615D9BDB19DABFAD008DBEAE /* PBXTargetDependency */,
			);
			name = PostcardTests;
			productName = PostcardTests;
			productReference = 615D9BD919DABFAD008DBEAE /* PostcardTests.xctest */;
			productType = "com.apple.product-type.bundle.unit-test";
		};
/* End PBXNativeTarget section */

/* Begin PBXProject section */
		615D9BBC19DABFAC008DBEAE /* Project object */ = {
			isa = PBXProject;
			attributes = {
				LastUpgradeCheck = 0600;
				ORGANIZATIONNAME = "Thomas Duurkens";
				TargetAttributes = {
					615D9BC319DABFAC008DBEAE = {
						CreatedOnToolsVersion = 6.0.1;
					};
					615D9BD819DABFAD008DBEAE = {
						CreatedOnToolsVersion = 6.0.1;
						TestTargetID = 615D9BC319DABFAC008DBEAE;
					};
				};
			};
			buildConfigurationList = 615D9BBF19DABFAC008DBEAE /* Build configuration list for PBXProject "Postcard" */;
			compatibilityVersion = "Xcode 3.2";
			developmentRegion = English;
			hasScannedForEncodings = 0;
			knownRegions = (
				en,
				Base,
			);
			mainGroup = 615D9BBB19DABFAC008DBEAE;
			productRefGroup = 615D9BC519DABFAC008DBEAE /* Products */;
			projectDirPath = "";
			projectRoot = "";
			targets = (
				615D9BC319DABFAC008DBEAE /* Postcard */,
				615D9BD819DABFAD008DBEAE /* PostcardTests */,
			);
		};
/* End PBXProject section */

/* Begin PBXResourcesBuildPhase section */
		615D9BC219DABFAC008DBEAE /* Resources */ = {
			isa = PBXResourcesBuildPhase;
			buildActionMask = 2147483647;
			files = (
				615D9BCF19DABFAC008DBEAE /* Main.storyboard in Resources */,
				615D9BD419DABFAD008DBEAE /* LaunchScreen.xib in Resources */,
				615D9BD119DABFAD008DBEAE /* Images.xcassets in Resources */,
			);
			runOnlyForDeploymentPostprocessing = 0;
		};
		615D9BD719DABFAD008DBEAE /* Resources */ = {
			isa = PBXResourcesBuildPhase;
			buildActionMask = 2147483647;
			files = (
			);
			runOnlyForDeploymentPostprocessing = 0;
		};
/* End PBXResourcesBuildPhase section */

/* Begin PBXSourcesBuildPhase section */
		615D9BC019DABFAC008DBEAE /* Sources */ = {
			isa = PBXSourcesBuildPhase;
			buildActionMask = 2147483647;
			files = (
				615D9BCC19DABFAC008DBEAE /* ViewController.swift in Sources */,
				615D9BCA19DABFAC008DBEAE /* AppDelegate.swift in Sources */,
			);
			runOnlyForDeploymentPostprocessing = 0;
		};
		615D9BD519DABFAD008DBEAE /* Sources */ = {
			isa = PBXSourcesBuildPhase;
			buildActionMask = 2147483647;
			files = (
				615D9BE019DABFAD008DBEAE /* PostcardTests.swift in Sources */,
			);
			runOnlyForDeploymentPostprocessing = 0;
		};
/* End PBXSourcesBuildPhase section */

/* Begin PBXTargetDependency section */
		615D9BDB19DABFAD008DBEAE /* PBXTargetDependency */ = {
			isa = PBXTargetDependency;
			target = 615D9BC319DABFAC008DBEAE /* Postcard */;
			targetProxy = 615D9BDA19DABFAD008DBEAE /* PBXContainerItemProxy */;
		};
/* End PBXTargetDependency section */

/* Begin PBXVariantGroup section */
		615D9BCD19DABFAC008DBEAE /* Main.storyboard */ = {
			isa = PBXVariantGroup;
			children = (
				615D9BCE19DABFAC008DBEAE /* Base */,
			);
			name = Main.storyboard;
			sourceTree = "<group>";
		};
		615D9BD219DABFAD008DBEAE /* LaunchScreen.xib */ = {
			isa = PBXVariantGroup;
			children = (
				615D9BD319DABFAD008DBEAE /* Base */,
			);
			name = LaunchScreen.xib;
			sourceTree = "<group>";
		};
/* End PBXVariantGroup section */

/* Begin XCBuildConfiguration section */
		615D9BE119DABFAD008DBEAE /* Debug */ = {
			isa = XCBuildConfiguration;
			buildSettings = {
				ALWAYS_SEARCH_USER_PATHS = NO;
				CLANG_CXX_LANGUAGE_STANDARD = "gnu++0x";
				CLANG_CXX_LIBRARY = "libc++";
				CLANG_ENABLE_MODULES = YES;
				CLANG_ENABLE_OBJC_ARC = YES;
				CLANG_WARN_BOOL_CONVERSION = YES;
				CLANG_WARN_CONSTANT_CONVERSION = YES;
				CLANG_WARN_DIRECT_OBJC_ISA_USAGE = YES_ERROR;
				CLANG_WARN_EMPTY_BODY = YES;
				CLANG_WARN_ENUM_CONVERSION = YES;
				CLANG_WARN_INT_CONVERSION = YES;
				CLANG_WARN_OBJC_ROOT_CLASS = YES_ERROR;
				CLANG_WARN_UNREACHABLE_CODE = YES;
				CLANG_WARN__DUPLICATE_METHOD_MATCH = YES;
				"CODE_SIGN_IDENTITY[sdk=iphoneos*]" = "iPhone Developer";
				COPY_PHASE_STRIP = NO;
				ENABLE_STRICT_OBJC_MSGSEND = YES;
				GCC_C_LANGUAGE_STANDARD = gnu99;
				GCC_DYNAMIC_NO_PIC = NO;
				GCC_OPTIMIZATION_LEVEL = 0;
				GCC_PREPROCESSOR_DEFINITIONS = (
					"DEBUG=1",
					"$(inherited)",
				);
				GCC_SYMBOLS_PRIVATE_EXTERN = NO;
				GCC_WARN_64_TO_32_BIT_CONVERSION = YES;
				GCC_WARN_ABOUT_RETURN_TYPE = YES_ERROR;
				GCC_WARN_UNDECLARED_SELECTOR = YES;
				GCC_WARN_UNINITIALIZED_AUTOS = YES_AGGRESSIVE;
				GCC_WARN_UNUSED_FUNCTION = YES;
				GCC_WARN_UNUSED_VARIABLE = YES;
				IPHONEOS_DEPLOYMENT_TARGET = 8.0;
				MTL_ENABLE_DEBUG_INFO = YES;
				ONLY_ACTIVE_ARCH = YES;
				SDKROOT = iphoneos;
				SWIFT_OPTIMIZATION_LEVEL = "-Onone";
			};
			name = Debug;
		};
		615D9BE219DABFAD008DBEAE /* Release */ = {
			isa = XCBuildConfiguration;
			buildSettings = {
				ALWAYS_SEARCH_USER_PATHS = NO;
				CLANG_CXX_LANGUAGE_STANDARD = "gnu++0x";
				CLANG_CXX_LIBRARY = "libc++";
				CLANG_ENABLE_MODULES = YES;
				CLANG_ENABLE_OBJC_ARC = YES;
				CLANG_WARN_BOOL_CONVERSION = YES;
				CLANG_WARN_CONSTANT_CONVERSION = YES;
				CLANG_WARN_DIRECT_OBJC_ISA_USAGE = YES_ERROR;
				CLANG_WARN_EMPTY_BODY = YES;
				CLANG_WARN_ENUM_CONVERSION = YES;
				CLANG_WARN_INT_CONVERSION = YES;
				CLANG_WARN_OBJC_ROOT_CLASS = YES_ERROR;
				CLANG_WARN_UNREACHABLE_CODE = YES;
				CLANG_WARN__DUPLICATE_METHOD_MATCH = YES;
				"CODE_SIGN_IDENTITY[sdk=iphoneos*]" = "iPhone Developer";
				COPY_PHASE_STRIP = YES;
				ENABLE_NS_ASSERTIONS = NO;
				ENABLE_STRICT_OBJC_MSGSEND = YES;
				GCC_C_LANGUAGE_STANDARD = gnu99;
				GCC_WARN_64_TO_32_BIT_CONVERSION = YES;
				GCC_WARN_ABOUT_RETURN_TYPE = YES_ERROR;
				GCC_WARN_UNDECLARED_SELECTOR = YES;
				GCC_WARN_UNINITIALIZED_AUTOS = YES_AGGRESSIVE;
				GCC_WARN_UNUSED_FUNCTION = YES;
				GCC_WARN_UNUSED_VARIABLE = YES;
				IPHONEOS_DEPLOYMENT_TARGET = 8.0;
				MTL_ENABLE_DEBUG_INFO = NO;
				SDKROOT = iphoneos;
				VALIDATE_PRODUCT = YES;
			};
			name = Release;
		};
		615D9BE419DABFAD008DBEAE /* Debug */ = {
			isa = XCBuildConfiguration;
			buildSettings = {
				ASSETCATALOG_COMPILER_APPICON_NAME = AppIcon;
				INFOPLIST_FILE = Postcard/Info.plist;
				LD_RUNPATH_SEARCH_PATHS = "$(inherited) @executable_path/Frameworks";
				PRODUCT_NAME = "$(TARGET_NAME)";
			};
			name = Debug;
		};
		615D9BE519DABFAD008DBEAE /* Release */ = {
			isa = XCBuildConfiguration;
			buildSettings = {
				ASSETCATALOG_COMPILER_APPICON_NAME = AppIcon;
				INFOPLIST_FILE = Postcard/Info.plist;
				LD_RUNPATH_SEARCH_PATHS = "$(inherited) @executable_path/Frameworks";
				PRODUCT_NAME = "$(TARGET_NAME)";
			};
			name = Release;
		};
		615D9BE719DABFAD008DBEAE /* Debug */ = {
			isa = XCBuildConfiguration;
			buildSettings = {
				BUNDLE_LOADER = "$(TEST_HOST)";
				FRAMEWORK_SEARCH_PATHS = (
					"$(SDKROOT)/Developer/Library/Frameworks",
					"$(inherited)",
				);
				GCC_PREPROCESSOR_DEFINITIONS = (
					"DEBUG=1",
					"$(inherited)",
				);
				INFOPLIST_FILE = PostcardTests/Info.plist;
				LD_RUNPATH_SEARCH_PATHS = "$(inherited) @executable_path/Frameworks @loader_path/Frameworks";
				PRODUCT_NAME = "$(TARGET_NAME)";
				TEST_HOST = "$(BUILT_PRODUCTS_DIR)/Postcard.app/Postcard";
			};
			name = Debug;
		};
		615D9BE819DABFAD008DBEAE /* Release */ = {
			isa = XCBuildConfiguration;
			buildSettings = {
				BUNDLE_LOADER = "$(TEST_HOST)";
				FRAMEWORK_SEARCH_PATHS = (
					"$(SDKROOT)/Developer/Library/Frameworks",
					"$(inherited)",
				);
				INFOPLIST_FILE = PostcardTests/Info.plist;
				LD_RUNPATH_SEARCH_PATHS = "$(inherited) @executable_path/Frameworks @loader_path/Frameworks";
				PRODUCT_NAME = "$(TARGET_NAME)";
				TEST_HOST = "$(BUILT_PRODUCTS_DIR)/Postcard.app/Postcard";
			};
			name = Release;
		};
/* End XCBuildConfiguration section */

/* Begin XCConfigurationList section */
		615D9BBF19DABFAC008DBEAE /* Build configuration list for PBXProject "Postcard" */ = {
			isa = XCConfigurationList;
			buildConfigurations = (
				615D9BE119DABFAD008DBEAE /* Debug */,
				615D9BE219DABFAD008DBEAE /* Release */,
			);
			defaultConfigurationIsVisible = 0;
			defaultConfigurationName = Release;
		};
		615D9BE319DABFAD008DBEAE /* Build configuration list for PBXNativeTarget "Postcard" */ = {
			isa = XCConfigurationList;
			buildConfigurations = (
				615D9BE419DABFAD008DBEAE /* Debug */,
				615D9BE519DABFAD008DBEAE /* Release */,
			);
			defaultConfigurationIsVisible = 0;
		};
		615D9BE619DABFAD008DBEAE /* Build configuration list for PBXNativeTarget "PostcardTests" */ = {
			isa = XCConfigurationList;
			buildConfigurations = (
				615D9BE719DABFAD008DBEAE /* Debug */,
				615D9BE819DABFAD008DBEAE /* Release */,
			);
			defaultConfigurationIsVisible = 0;
		};
/* End XCConfigurationList section */
	};
	rootObject = 615D9BBC19DABFAC008DBEAE /* Project object */;
}
